// !$*UTF8*$!
{
	archiveVersion = 1;
	classes = {
	};
	objectVersion = 77;
	objects = {

/* Begin PBXContainerItemProxy section */
		57F5153B2E3B56A500E17231 /* PBXContainerItemProxy */ = {
			isa = PBXContainerItemProxy;
			containerPortal = 57F5151C2E3B56A300E17231 /* Project object */;
			proxyType = 1;
			remoteGlobalIDString = 57F515232E3B56A300E17231;
			remoteInfo = SecondFloor;
		};
		57F515452E3B56A500E17231 /* PBXContainerItemProxy */ = {
			isa = PBXContainerItemProxy;
			containerPortal = 57F5151C2E3B56A300E17231 /* Project object */;
			proxyType = 1;
			remoteGlobalIDString = 57F515232E3B56A300E17231;
			remoteInfo = SecondFloor;
		};
/* End PBXContainerItemProxy section */

/* Begin PBXFileReference section */
		57F515242E3B56A300E17231 /* SecondFloor.app */ = {isa = PBXFileReference; explicitFileType = wrapper.application; includeInIndex = 0; path = SecondFloor.app; sourceTree = BUILT_PRODUCTS_DIR; };
		57F5153A2E3B56A500E17231 /* SecondFloorTests.xctest */ = {isa = PBXFileReference; explicitFileType = wrapper.cfbundle; includeInIndex = 0; path = SecondFloorTests.xctest; sourceTree = BUILT_PRODUCTS_DIR; };
		57F515442E3B56A500E17231 /* SecondFloorUITests.xctest */ = {isa = PBXFileReference; explicitFileType = wrapper.cfbundle; includeInIndex = 0; path = SecondFloorUITests.xctest; sourceTree = BUILT_PRODUCTS_DIR; };
/* End PBXFileReference section */

/* Begin PBXFileSystemSynchronizedBuildFileExceptionSet section */
		57F5154C2E3B56A500E17231 /* Exceptions for "SecondFloor" folder in "SecondFloor" target */ = {
			isa = PBXFileSystemSynchronizedBuildFileExceptionSet;
			membershipExceptions = (
				Info.plist,
			);
			target = 57F515232E3B56A300E17231 /* SecondFloor */;
		};
/* End PBXFileSystemSynchronizedBuildFileExceptionSet section */

/* Begin PBXFileSystemSynchronizedRootGroup section */
		57F515262E3B56A300E17231 /* SecondFloor */ = {
			isa = PBXFileSystemSynchronizedRootGroup;
			exceptions = (
				57F5154C2E3B56A500E17231 /* Exceptions for "SecondFloor" folder in "SecondFloor" target */,
			);
			path = SecondFloor;
			sourceTree = "<group>";
		};
		57F5153D2E3B56A500E17231 /* SecondFloorTests */ = {
			isa = PBXFileSystemSynchronizedRootGroup;
			path = SecondFloorTests;
			sourceTree = "<group>";
		};
		57F515472E3B56A500E17231 /* SecondFloorUITests */ = {
			isa = PBXFileSystemSynchronizedRootGroup;
			path = SecondFloorUITests;
			sourceTree = "<group>";
		};
/* End PBXFileSystemSynchronizedRootGroup section */

/* Begin PBXFrameworksBuildPhase section */
		57F515212E3B56A300E17231 /* Frameworks */ = {
			isa = PBXFrameworksBuildPhase;
			buildActionMask = 2147483647;
			files = (
			);
			runOnlyForDeploymentPostprocessing = 0;
		};
		57F515372E3B56A500E17231 /* Frameworks */ = {
			isa = PBXFrameworksBuildPhase;
			buildActionMask = 2147483647;
			files = (
			);
			runOnlyForDeploymentPostprocessing = 0;
		};
		57F515412E3B56A500E17231 /* Frameworks */ = {
			isa = PBXFrameworksBuildPhase;
			buildActionMask = 2147483647;
			files = (
			);
			runOnlyForDeploymentPostprocessing = 0;
		};
/* End PBXFrameworksBuildPhase section */

/* Begin PBXGroup section */
		57F5151B2E3B56A300E17231 = {
			isa = PBXGroup;
			children = (
				57F515262E3B56A300E17231 /* SecondFloor */,
				57F5153D2E3B56A500E17231 /* SecondFloorTests */,
				57F515472E3B56A500E17231 /* SecondFloorUITests */,
				57F515252E3B56A300E17231 /* Products */,
			);
			sourceTree = "<group>";
		};
		57F515252E3B56A300E17231 /* Products */ = {
			isa = PBXGroup;
			children = (
				57F515242E3B56A300E17231 /* SecondFloor.app */,
				57F5153A2E3B56A500E17231 /* SecondFloorTests.xctest */,
				57F515442E3B56A500E17231 /* SecondFloorUITests.xctest */,
			);
			name = Products;
			sourceTree = "<group>";
		};
/* End PBXGroup section */

/* Begin PBXNativeTarget section */
		57F515232E3B56A300E17231 /* SecondFloor */ = {
			isa = PBXNativeTarget;
			buildConfigurationList = 57F5154D2E3B56A500E17231 /* Build configuration list for PBXNativeTarget "SecondFloor" */;
			buildPhases = (
				57F515202E3B56A300E17231 /* Sources */,
				57F515212E3B56A300E17231 /* Frameworks */,
				57F515222E3B56A300E17231 /* Resources */,
			);
			buildRules = (
			);
			dependencies = (
			);
			fileSystemSynchronizedGroups = (
				57F515262E3B56A300E17231 /* SecondFloor */,
			);
			name = SecondFloor;
			packageProductDependencies = (
			);
			productName = SecondFloor;
			productReference = 57F515242E3B56A300E17231 /* SecondFloor.app */;
			productType = "com.apple.product-type.application";
		};
		57F515392E3B56A500E17231 /* SecondFloorTests */ = {
			isa = PBXNativeTarget;
			buildConfigurationList = 57F515522E3B56A500E17231 /* Build configuration list for PBXNativeTarget "SecondFloorTests" */;
			buildPhases = (
				57F515362E3B56A500E17231 /* Sources */,
				57F515372E3B56A500E17231 /* Frameworks */,
				57F515382E3B56A500E17231 /* Resources */,
			);
			buildRules = (
			);
			dependencies = (
				57F5153C2E3B56A500E17231 /* PBXTargetDependency */,
			);
			fileSystemSynchronizedGroups = (
				57F5153D2E3B56A500E17231 /* SecondFloorTests */,
			);
			name = SecondFloorTests;
			packageProductDependencies = (
			);
			productName = SecondFloorTests;
			productReference = 57F5153A2E3B56A500E17231 /* SecondFloorTests.xctest */;
			productType = "com.apple.product-type.bundle.unit-test";
		};
		57F515432E3B56A500E17231 /* SecondFloorUITests */ = {
			isa = PBXNativeTarget;
			buildConfigurationList = 57F515552E3B56A500E17231 /* Build configuration list for PBXNativeTarget "SecondFloorUITests" */;
			buildPhases = (
				57F515402E3B56A500E17231 /* Sources */,
				57F515412E3B56A500E17231 /* Frameworks */,
				57F515422E3B56A500E17231 /* Resources */,
			);
			buildRules = (
			);
			dependencies = (
				57F515462E3B56A500E17231 /* PBXTargetDependency */,
			);
			fileSystemSynchronizedGroups = (
				57F515472E3B56A500E17231 /* SecondFloorUITests */,
			);
			name = SecondFloorUITests;
			packageProductDependencies = (
			);
			productName = SecondFloorUITests;
			productReference = 57F515442E3B56A500E17231 /* SecondFloorUITests.xctest */;
			productType = "com.apple.product-type.bundle.ui-testing";
		};
/* End PBXNativeTarget section */

/* Begin PBXProject section */
		57F5151C2E3B56A300E17231 /* Project object */ = {
			isa = PBXProject;
			attributes = {
				BuildIndependentTargetsInParallel = 1;
				LastSwiftUpdateCheck = 1640;
				LastUpgradeCheck = 1640;
				TargetAttributes = {
					57F515232E3B56A300E17231 = {
						CreatedOnToolsVersion = 16.4;
					};
					57F515392E3B56A500E17231 = {
						CreatedOnToolsVersion = 16.4;
						TestTargetID = 57F515232E3B56A300E17231;
					};
					57F515432E3B56A500E17231 = {
						CreatedOnToolsVersion = 16.4;
						TestTargetID = 57F515232E3B56A300E17231;
					};
				};
			};
			buildConfigurationList = 57F5151F2E3B56A300E17231 /* Build configuration list for PBXProject "SecondFloor" */;
			developmentRegion = en;
			hasScannedForEncodings = 0;
			knownRegions = (
				en,
				Base,
			);
			mainGroup = 57F5151B2E3B56A300E17231;
			minimizedProjectReferenceProxies = 1;
			preferredProjectObjectVersion = 77;
			productRefGroup = 57F515252E3B56A300E17231 /* Products */;
			projectDirPath = "";
			projectRoot = "";
			targets = (
				57F515232E3B56A300E17231 /* SecondFloor */,
				57F515392E3B56A500E17231 /* SecondFloorTests */,
				57F515432E3B56A500E17231 /* SecondFloorUITests */,
			);
		};
/* End PBXProject section */

/* Begin PBXResourcesBuildPhase section */
		57F515222E3B56A300E17231 /* Resources */ = {
			isa = PBXResourcesBuildPhase;
			buildActionMask = 2147483647;
			files = (
			);
			runOnlyForDeploymentPostprocessing = 0;
		};
		57F515382E3B56A500E17231 /* Resources */ = {
			isa = PBXResourcesBuildPhase;
			buildActionMask = 2147483647;
			files = (
			);
			runOnlyForDeploymentPostprocessing = 0;
		};
		57F515422E3B56A500E17231 /* Resources */ = {
			isa = PBXResourcesBuildPhase;
			buildActionMask = 2147483647;
			files = (
			);
			runOnlyForDeploymentPostprocessing = 0;
		};
/* End PBXResourcesBuildPhase section */

/* Begin PBXSourcesBuildPhase section */
		57F515202E3B56A300E17231 /* Sources */ = {
			isa = PBXSourcesBuildPhase;
			buildActionMask = 2147483647;
			files = (
			);
			runOnlyForDeploymentPostprocessing = 0;
		};
		57F515362E3B56A500E17231 /* Sources */ = {
			isa = PBXSourcesBuildPhase;
			buildActionMask = 2147483647;
			files = (
			);
			runOnlyForDeploymentPostprocessing = 0;
		};
		57F515402E3B56A500E17231 /* Sources */ = {
			isa = PBXSourcesBuildPhase;
			buildActionMask = 2147483647;
			files = (
			);
			runOnlyForDeploymentPostprocessing = 0;
		};
/* End PBXSourcesBuildPhase section */

/* Begin PBXTargetDependency section */
		57F5153C2E3B56A500E17231 /* PBXTargetDependency */ = {
			isa = PBXTargetDependency;
			target = 57F515232E3B56A300E17231 /* SecondFloor */;
			targetProxy = 57F5153B2E3B56A500E17231 /* PBXContainerItemProxy */;
		};
		57F515462E3B56A500E17231 /* PBXTargetDependency */ = {
			isa = PBXTargetDependency;
			target = 57F515232E3B56A300E17231 /* SecondFloor */;
			targetProxy = 57F515452E3B56A500E17231 /* PBXContainerItemProxy */;
		};
/* End PBXTargetDependency section */

/* Begin XCBuildConfiguration section */
		57F5154E2E3B56A500E17231 /* Debug */ = {
			isa = XCBuildConfiguration;
			buildSettings = {
				ASSETCATALOG_COMPILER_APPICON_NAME = AppIcon;
				ASSETCATALOG_COMPILER_GLOBAL_ACCENT_COLOR_NAME = AccentColor;
				CODE_SIGN_STYLE = Automatic;
				CURRENT_PROJECT_VERSION = 1;
				DEVELOPMENT_TEAM = 47P5F87LGQ;
				GENERATE_INFOPLIST_FILE = YES;
				INFOPLIST_FILE = SecondFloor/Info.plist;
				INFOPLIST_KEY_UIApplicationSupportsIndirectInputEvents = YES;
				INFOPLIST_KEY_UILaunchStoryboardName = LaunchScreen;
				INFOPLIST_KEY_UIMainStoryboardFile = Main;
				INFOPLIST_KEY_UISupportedInterfaceOrientations_iPad = "UIInterfaceOrientationPortrait UIInterfaceOrientationPortraitUpsideDown UIInterfaceOrientationLandscapeLeft UIInterfaceOrientationLandscapeRight";
				INFOPLIST_KEY_UISupportedInterfaceOrientations_iPhone = "UIInterfaceOrientationPortrait UIInterfaceOrientationLandscapeLeft UIInterfaceOrientationLandscapeRight";
				LD_RUNPATH_SEARCH_PATHS = (
					"$(inherited)",
					"@executable_path/Frameworks",
				);
				MARKETING_VERSION = 1.0;
				PRODUCT_BUNDLE_IDENTIFIER = com.xc.SecondFloor;
				PRODUCT_NAME = "$(TARGET_NAME)";
				SWIFT_EMIT_LOC_STRINGS = YES;
				SWIFT_VERSION = 5.0;
				TARGETED_DEVICE_FAMILY = "1,2";
			};
			name = Debug;
		};
		57F5154F2E3B56A500E17231 /* Release */ = {
			isa = XCBuildConfiguration;
			buildSettings = {
				ASSETCATALOG_COMPILER_APPICON_NAME = AppIcon;
				ASSETCATALOG_COMPILER_GLOBAL_ACCENT_COLOR_NAME = AccentColor;
				CODE_SIGN_STYLE = Automatic;
				CURRENT_PROJECT_VERSION = 1;
				DEVELOPMENT_TEAM = 47P5F87LGQ;
				GENERATE_INFOPLIST_FILE = YES;
				INFOPLIST_FILE = SecondFloor/Info.plist;
				INFOPLIST_KEY_UIApplicationSupportsIndirectInputEvents = YES;
				INFOPLIST_KEY_UILaunchStoryboardName = LaunchScreen;
				INFOPLIST_KEY_UIMainStoryboardFile = Main;
				INFOPLIST_KEY_UISupportedInterfaceOrientations_iPad = "UIInterfaceOrientationPortrait UIInterfaceOrientationPortraitUpsideDown UIInterfaceOrientationLandscapeLeft UIInterfaceOrientationLandscapeRight";
				INFOPLIST_KEY_UISupportedInterfaceOrientations_iPhone = "UIInterfaceOrientationPortrait UIInterfaceOrientationLandscapeLeft UIInterfaceOrientationLandscapeRight";
				LD_RUNPATH_SEARCH_PATHS = (
					"$(inherited)",
					"@executable_path/Frameworks",
				);
				MARKETING_VERSION = 1.0;
				PRODUCT_BUNDLE_IDENTIFIER = com.xc.SecondFloor;
				PRODUCT_NAME = "$(TARGET_NAME)";
				SWIFT_EMIT_LOC_STRINGS = YES;
				SWIFT_VERSION = 5.0;
				TARGETED_DEVICE_FAMILY = "1,2";
			};
			name = Release;
		};
		57F515502E3B56A500E17231 /* Debug */ = {
			isa = XCBuildConfiguration;
			buildSettings = {
				ALWAYS_SEARCH_USER_PATHS = NO;
				ASSETCATALOG_COMPILER_GENERATE_SWIFT_ASSET_SYMBOL_EXTENSIONS = YES;
				CLANG_ANALYZER_NONNULL = YES;
				CLANG_ANALYZER_NUMBER_OBJECT_CONVERSION = YES_AGGRESSIVE;
				CLANG_CXX_LANGUAGE_STANDARD = "gnu++20";
				CLANG_ENABLE_MODULES = YES;
				CLANG_ENABLE_OBJC_ARC = YES;
				CLANG_ENABLE_OBJC_WEAK = YES;
				CLANG_WARN_BLOCK_CAPTURE_AUTORELEASING = YES;
				CLANG_WARN_BOOL_CONVERSION = YES;
				CLANG_WARN_COMMA = YES;
				CLANG_WARN_CONSTANT_CONVERSION = YES;
				CLANG_WARN_DEPRECATED_OBJC_IMPLEMENTATIONS = YES;
				CLANG_WARN_DIRECT_OBJC_ISA_USAGE = YES_ERROR;
				CLANG_WARN_DOCUMENTATION_COMMENTS = YES;
				CLANG_WARN_EMPTY_BODY = YES;
				CLANG_WARN_ENUM_CONVERSION = YES;
				CLANG_WARN_INFINITE_RECURSION = YES;
				CLANG_WARN_INT_CONVERSION = YES;
				CLANG_WARN_NON_LITERAL_NULL_CONVERSION = YES;
				CLANG_WARN_OBJC_IMPLICIT_RETAIN_SELF = YES;
				CLANG_WARN_OBJC_LITERAL_CONVERSION = YES;
				CLANG_WARN_OBJC_ROOT_CLASS = YES_ERROR;
				CLANG_WARN_QUOTED_INCLUDE_IN_FRAMEWORK_HEADER = YES;
				CLANG_WARN_RANGE_LOOP_ANALYSIS = YES;
				CLANG_WARN_STRICT_PROTOTYPES = YES;
				CLANG_WARN_SUSPICIOUS_MOVE = YES;
				CLANG_WARN_UNGUARDED_AVAILABILITY = YES_AGGRESSIVE;
				CLANG_WARN_UNREACHABLE_CODE = YES;
				CLANG_WARN__DUPLICATE_METHOD_MATCH = YES;
				COPY_PHASE_STRIP = NO;
				DEBUG_INFORMATION_FORMAT = dwarf;
				DEVELOPMENT_TEAM = 47P5F87LGQ;
				ENABLE_STRICT_OBJC_MSGSEND = YES;
				ENABLE_TESTABILITY = YES;
				ENABLE_USER_SCRIPT_SANDBOXING = YES;
				GCC_C_LANGUAGE_STANDARD = gnu17;
				GCC_DYNAMIC_NO_PIC = NO;
				GCC_NO_COMMON_BLOCKS = YES;
				GCC_OPTIMIZATION_LEVEL = 0;
				GCC_PREPROCESSOR_DEFINITIONS = (
					"DEBUG=1",
					"$(inherited)",
				);
				GCC_WARN_64_TO_32_BIT_CONVERSION = YES;
				GCC_WARN_ABOUT_RETURN_TYPE = YES_ERROR;
				GCC_WARN_UNDECLARED_SELECTOR = YES;
				GCC_WARN_UNINITIALIZED_AUTOS = YES_AGGRESSIVE;
				GCC_WARN_UNUSED_FUNCTION = YES;
				GCC_WARN_UNUSED_VARIABLE = YES;
				IPHONEOS_DEPLOYMENT_TARGET = 18.5;
				LOCALIZATION_PREFERS_STRING_CATALOGS = YES;
				MTL_ENABLE_DEBUG_INFO = INCLUDE_SOURCE;
				MTL_FAST_MATH = YES;
				ONLY_ACTIVE_ARCH = YES;
				SDKROOT = iphoneos;
				SWIFT_ACTIVE_COMPILATION_CONDITIONS = "DEBUG $(inherited)";
				SWIFT_OPTIMIZATION_LEVEL = "-Onone";
			};
			name = Debug;
		};
		57F515512E3B56A500E17231 /* Release */ = {
			isa = XCBuildConfiguration;
			buildSettings = {
				ALWAYS_SEARCH_USER_PATHS = NO;
				ASSETCATALOG_COMPILER_GENERATE_SWIFT_ASSET_SYMBOL_EXTENSIONS = YES;
				CLANG_ANALYZER_NONNULL = YES;
				CLANG_ANALYZER_NUMBER_OBJECT_CONVERSION = YES_AGGRESSIVE;
				CLANG_CXX_LANGUAGE_STANDARD = "gnu++20";
				CLANG_ENABLE_MODULES = YES;
				CLANG_ENABLE_OBJC_ARC = YES;
				CLANG_ENABLE_OBJC_WEAK = YES;
				CLANG_WARN_BLOCK_CAPTURE_AUTORELEASING = YES;
				CLANG_WARN_BOOL_CONVERSION = YES;
				CLANG_WARN_COMMA = YES;
				CLANG_WARN_CONSTANT_CONVERSION = YES;
				CLANG_WARN_DEPRECATED_OBJC_IMPLEMENTATIONS = YES;
				CLANG_WARN_DIRECT_OBJC_ISA_USAGE = YES_ERROR;
				CLANG_WARN_DOCUMENTATION_COMMENTS = YES;
				CLANG_WARN_EMPTY_BODY = YES;
				CLANG_WARN_ENUM_CONVERSION = YES;
				CLANG_WARN_INFINITE_RECURSION = YES;
				CLANG_WARN_INT_CONVERSION = YES;
				CLANG_WARN_NON_LITERAL_NULL_CONVERSION = YES;
				CLANG_WARN_OBJC_IMPLICIT_RETAIN_SELF = YES;
				CLANG_WARN_OBJC_LITERAL_CONVERSION = YES;
				CLANG_WARN_OBJC_ROOT_CLASS = YES_ERROR;
				CLANG_WARN_QUOTED_INCLUDE_IN_FRAMEWORK_HEADER = YES;
				CLANG_WARN_RANGE_LOOP_ANALYSIS = YES;
				CLANG_WARN_STRICT_PROTOTYPES = YES;
				CLANG_WARN_SUSPICIOUS_MOVE = YES;
				CLANG_WARN_UNGUARDED_AVAILABILITY = YES_AGGRESSIVE;
				CLANG_WARN_UNREACHABLE_CODE = YES;
				CLANG_WARN__DUPLICATE_METHOD_MATCH = YES;
				COPY_PHASE_STRIP = NO;
				DEBUG_INFORMATION_FORMAT = "dwarf-with-dsym";
				DEVELOPMENT_TEAM = 47P5F87LGQ;
				ENABLE_NS_ASSERTIONS = NO;
				ENABLE_STRICT_OBJC_MSGSEND = YES;
				ENABLE_USER_SCRIPT_SANDBOXING = YES;
				GCC_C_LANGUAGE_STANDARD = gnu17;
				GCC_NO_COMMON_BLOCKS = YES;
				GCC_WARN_64_TO_32_BIT_CONVERSION = YES;
				GCC_WARN_ABOUT_RETURN_TYPE = YES_ERROR;
				GCC_WARN_UNDECLARED_SELECTOR = YES;
				GCC_WARN_UNINITIALIZED_AUTOS = YES_AGGRESSIVE;
				GCC_WARN_UNUSED_FUNCTION = YES;
				GCC_WARN_UNUSED_VARIABLE = YES;
				IPHONEOS_DEPLOYMENT_TARGET = 18.5;
				LOCALIZATION_PREFERS_STRING_CATALOGS = YES;
				MTL_ENABLE_DEBUG_INFO = NO;
				MTL_FAST_MATH = YES;
				SDKROOT = iphoneos;
				SWIFT_COMPILATION_MODE = wholemodule;
				VALIDATE_PRODUCT = YES;
			};
			name = Release;
		};
		57F515532E3B56A500E17231 /* Debug */ = {
			isa = XCBuildConfiguration;
			buildSettings = {
				BUNDLE_LOADER = "$(TEST_HOST)";
				CODE_SIGN_STYLE = Automatic;
				CURRENT_PROJECT_VERSION = 1;
				DEVELOPMENT_TEAM = 47P5F87LGQ;
				GENERATE_INFOPLIST_FILE = YES;
				IPHONEOS_DEPLOYMENT_TARGET = 18.5;
				MARKETING_VERSION = 1.0;
				PRODUCT_BUNDLE_IDENTIFIER = com.xc.SecondFloorTests;
				PRODUCT_NAME = "$(TARGET_NAME)";
				SWIFT_EMIT_LOC_STRINGS = NO;
				SWIFT_VERSION = 5.0;
				TARGETED_DEVICE_FAMILY = "1,2";
				TEST_HOST = "$(BUILT_PRODUCTS_DIR)/SecondFloor.app/$(BUNDLE_EXECUTABLE_FOLDER_PATH)/SecondFloor";
			};
			name = Debug;
		};
		57F515542E3B56A500E17231 /* Release */ = {
			isa = XCBuildConfiguration;
			buildSettings = {
				BUNDLE_LOADER = "$(TEST_HOST)";
				CODE_SIGN_STYLE = Automatic;
				CURRENT_PROJECT_VERSION = 1;
				DEVELOPMENT_TEAM = 47P5F87LGQ;
				GENERATE_INFOPLIST_FILE = YES;
				IPHONEOS_DEPLOYMENT_TARGET = 18.5;
				MARKETING_VERSION = 1.0;
				PRODUCT_BUNDLE_IDENTIFIER = com.xc.SecondFloorTests;
				PRODUCT_NAME = "$(TARGET_NAME)";
				SWIFT_EMIT_LOC_STRINGS = NO;
				SWIFT_VERSION = 5.0;
				TARGETED_DEVICE_FAMILY = "1,2";
				TEST_HOST = "$(BUILT_PRODUCTS_DIR)/SecondFloor.app/$(BUNDLE_EXECUTABLE_FOLDER_PATH)/SecondFloor";
			};
			name = Release;
		};
		57F515562E3B56A500E17231 /* Debug */ = {
			isa = XCBuildConfiguration;
			buildSettings = {
				CODE_SIGN_STYLE = Automatic;
				CURRENT_PROJECT_VERSION = 1;
				DEVELOPMENT_TEAM = 47P5F87LGQ;
				GENERATE_INFOPLIST_FILE = YES;
				MARKETING_VERSION = 1.0;
				PRODUCT_BUNDLE_IDENTIFIER = com.xc.SecondFloorUITests;
				PRODUCT_NAME = "$(TARGET_NAME)";
				SWIFT_EMIT_LOC_STRINGS = NO;
				SWIFT_VERSION = 5.0;
				TARGETED_DEVICE_FAMILY = "1,2";
				TEST_TARGET_NAME = SecondFloor;
			};
			name = Debug;
		};
		57F515572E3B56A500E17231 /* Release */ = {
			isa = XCBuildConfiguration;
			buildSettings = {
				CODE_SIGN_STYLE = Automatic;
				CURRENT_PROJECT_VERSION = 1;
				DEVELOPMENT_TEAM = 47P5F87LGQ;
				GENERATE_INFOPLIST_FILE = YES;
				MARKETING_VERSION = 1.0;
				PRODUCT_BUNDLE_IDENTIFIER = com.xc.SecondFloorUITests;
				PRODUCT_NAME = "$(TARGET_NAME)";
				SWIFT_EMIT_LOC_STRINGS = NO;
				SWIFT_VERSION = 5.0;
				TARGETED_DEVICE_FAMILY = "1,2";
				TEST_TARGET_NAME = SecondFloor;
			};
			name = Release;
		};
/* End XCBuildConfiguration section */

/* Begin XCConfigurationList section */
		57F5151F2E3B56A300E17231 /* Build configuration list for PBXProject "SecondFloor" */ = {
			isa = XCConfigurationList;
			buildConfigurations = (
				57F515502E3B56A500E17231 /* Debug */,
				57F515512E3B56A500E17231 /* Release */,
			);
			defaultConfigurationIsVisible = 0;
			defaultConfigurationName = Release;
		};
		57F5154D2E3B56A500E17231 /* Build configuration list for PBXNativeTarget "SecondFloor" */ = {
			isa = XCConfigurationList;
			buildConfigurations = (
				57F5154E2E3B56A500E17231 /* Debug */,
				57F5154F2E3B56A500E17231 /* Release */,
			);
			defaultConfigurationIsVisible = 0;
			defaultConfigurationName = Release;
		};
		57F515522E3B56A500E17231 /* Build configuration list for PBXNativeTarget "SecondFloorTests" */ = {
			isa = XCConfigurationList;
			buildConfigurations = (
				57F515532E3B56A500E17231 /* Debug */,
				57F515542E3B56A500E17231 /* Release */,
			);
			defaultConfigurationIsVisible = 0;
			defaultConfigurationName = Release;
		};
		57F515552E3B56A500E17231 /* Build configuration list for PBXNativeTarget "SecondFloorUITests" */ = {
			isa = XCConfigurationList;
			buildConfigurations = (
				57F515562E3B56A500E17231 /* Debug */,
				57F515572E3B56A500E17231 /* Release */,
			);
			defaultConfigurationIsVisible = 0;
			defaultConfigurationName = Release;
		};
/* End XCConfigurationList section */
	};
	rootObject = 57F5151C2E3B56A300E17231 /* Project object */;
}
